
Microsoft Visual Studio Solution File, Format Version 12.00
# Visual Studio 15
VisualStudioVersion = 15.0.26730.12
MinimumVisualStudioVersion = 10.0.40219.1
Project("{FAE04EC0-301F-11D3-BF4B-00C04F79EFBC}") = "ReactParkDemo", "ReactParkDemo\ReactParkDemo.csproj", "{B90C06A3-A3EF-471C-B07D-3A221D3622EF}"
EndProject
Global
	GlobalSection(SolutionConfigurationPlatforms) = preSolution
		Debug|Any CPU = Debug|Any CPU
		Release|Any CPU = Release|Any CPU
	EndGlobalSection
	GlobalSection(ProjectConfigurationPlatforms) = postSolution
		{B90C06A3-A3EF-471C-B07D-3A221D3622EF}.Debug|Any CPU.ActiveCfg = Debug|Any CPU
		{B90C06A3-A3EF-471C-B07D-3A221D3622EF}.Debug|Any CPU.Build.0 = Debug|Any CPU
		{B90C06A3-A3EF-471C-B07D-3A221D3622EF}.Release|Any CPU.ActiveCfg = Release|Any CPU
		{B90C06A3-A3EF-471C-B07D-3A221D3622EF}.Release|Any CPU.Build.0 = Release|Any CPU
	EndGlobalSection
	GlobalSection(SolutionProperties) = preSolution
		HideSolutionNode = FALSE
	EndGlobalSection
	GlobalSection(ExtensibilityGlobals) = postSolution
		SolutionGuid = {9CC2815D-D798-4DD6-9C9E-9DA7C55E25B8}
	EndGlobalSection
EndGlobal
